github.com/applait/upspeak v0.0.0-20180214045248-5d5279298b74 h1:zA9Zul3GXDdbqueRre77G7OXluh2upbohNFbmEEwne4=
github.com/applait/upspeak v0.0.0-20180214045248-5d5279298b74/go.mod h1:yf+ccanbd9yItjpUyr4gwIzmC/3EyBshUyJC/WAg0xI=
github.com/davecgh/go-spew v1.1.0/go.mod h1:J7Y8YcW2NihsgmVo/mv3lAwl/skON4iLHjSsI+c5H38=
github.com/dgrijalva/jwt-go v3.1.0+incompatible h1:FFziAwDQQ2dz1XClWMkwvukur3evtZx7x/wMHKM1i20=
github.com/dgrijalva/jwt-go v3.1.0+incompatible/go.mod h1:E3ru+11k8xSBh+hMPgOLZmtrrCbhqsmaPHjLKYnJCaQ=
github.com/fsnotify/fsnotify v1.3.2-0.20160816051541-f12c6236fe7b h1:clQtr7BsnoijdumdhlbbOGglPb1lIAJ3yTPjYOHlKdQ=
github.com/fsnotify/fsnotify v1.3.2-0.20160816051541-f12c6236fe7b/go.mod h1:jwhsz4b93w/PPRr/qN1Yymfu8t87LnFCMoQvtojpjFo=
github.com/gorilla/rpc v1.1.0 h1:marKfvVP0Gpd/jHlVBKCQ8RAoUPdX7K1Nuh6l1BNh7A=
github.com/gorilla/rpc v1.1.0/go.mod h1:V4h9r+4sF5HnzqbwIez0fKSpANP0zlYd3qR7p36jkTQ=
github.com/hashicorp/hcl v0.0.0-20160822214145-baeb59c71071 h1:CBvdmllHJsBQXv6fT+XtxbakibDgKfa0gTttWjakRVw=
github.com/hashicorp/hcl v0.0.0-20160822214145-baeb59c71071/go.mod h1:oZtUIOe8dh44I2q6ScRibXws4Ajl+d+nod3AaR9vL5w=
github.com/kr/fs v0.0.0-20131111012553-2788f0dbd169 h1:YUrU1/jxRqnt0PSrKj1Uj/wEjk/fjnE80QFfi2Zlj7Q=
github.com/kr/fs v0.0.0-20131111012553-2788f0dbd169/go.mod h1:glhvuHOU9Hy7/8PwwdtnarXqLagOX0b/TbZx2zLMqEg=
github.com/lib/pq v0.0.0-20160831222520-50761b0867bd h1:1BKcGC7eo9wk4c/y2eqrMj3/Wcmj+ZkMn1JpiCpbEgU=
github.com/lib/pq v0.0.0-20160831222520-50761b0867bd/go.mod h1:5WUZQaWbwv1U+lTReE5YruASi9Al49XbQIvNi/34Woo=
github.com/magiconair/properties v1.7.1-0.20160816085511-61b492c03cf4 h1:0z4tHs3fkvPujAtAFZIXCz+avXWmnPc09R5hJqOYTQM=
github.com/magiconair/properties v1.7.1-0.20160816085511-61b492c03cf4/go.mod h1:PppfXfuXeibc/6YijjN8zIbojt8czPbwD3XqdrwzmxQ=
github.com/mitchellh/mapstructure v0.0.0-20160808181253-ca63d7c062ee h1:kK7VuFVykgt0LfMSloWYjDOt4TnOcL0AxF0/rDq2VkM=
github.com/mitchellh/mapstructure v0.0.0-20160808181253-ca63d7c062ee/go.mod h1:FVVH3fgwuzCH5S8UJGiWEs2h04kUh9fWfEaFds41c1Y=
github.com/pelletier/go-buffruneio v0.1.0 h1:ig6N9Cg71k/P+UUbhwdOFtJWz+qa8/3by7AzMprMWBM=
github.com/pelletier/go-buffruneio v0.1.0/go.mod h1:JkE26KsDizTr40EUHkXVtNPvgGtbSNq5BcowyYOWdKo=
github.com/pelletier/go-toml v0.3.6-0.20160823074707-5a62685873ef h1:Q9hcpEIQSNmcOKiObRsAMsbpphGEQAyj3LgQlG1rnPA=
github.com/pelletier/go-toml v0.3.6-0.20160823074707-5a62685873ef/go.mod h1:5z9KED0ma1S8pY6P1sdut58dfprrGBbd/94hg7ilaic=
github.com/pkg/errors v0.7.1 h1:0XSZhzhcAUrs2vsv1y5jaxWejlCCgvxI/kBpbRFMZ+o=
github.com/pkg/errors v0.7.1/go.mod h1:bwawxfHBFNV+L2hUp1rHADufV3IMtnDRdf1r5NINEl0=
github.com/pkg/sftp v0.0.0-20160721231453-a71e8f580e3b h1:p3ZQ3KfXTfqvTIW9govuviqoZo45Iw5ALEKIG1m96Uo=
github.com/pkg/sftp v0.0.0-20160721231453-a71e8f580e3b/go.mod h1:NxmoDg/QLVWluQDUYG7XBZTLUpKeFa8e3aMf1BfjyHk=
github.com/spf13/afero v0.0.0-20160821083612-20500e2abd0d h1:sd1qRX4NJPdIHizg+E7cK0kFaJRjwfJFQyUJUguwIak=
github.com/spf13/afero v0.0.0-20160821083612-20500e2abd0d/go.mod h1:j4pytiNVoe2o6bmDsKpLACNPDBIoEAkihy7loJ1B0CQ=
github.com/spf13/cast v0.0.0-20160730092037-e31f36ffc91a h1:tPI5RnYZJhcXj0LhJ9pi7PS7gqOhuFR+4HEKyDz3BnQ=
github.com/spf13/cast v0.0.0-20160730092037-e31f36ffc91a/go.mod h1:r2rcYCSwa1IExKTDiTfzaxqT2FNHs8hODu4LnUfgKEg=
github.com/spf13/jwalterweatherman v0.0.0-20160311093646-33c24e77fb80 h1:evyGXhHMrxKBDkdlSPv9HMWV2o53o+Ibhm28BGc0450=
github.com/spf13/jwalterweatherman v0.0.0-20160311093646-33c24e77fb80/go.mod h1:cQK4TGJAtQXfYWX+Ddv3mKDzgVb68N+wFjFa4jdeBTo=
github.com/spf13/pflag v0.0.0-20160820154156-103ce5cd2042 h1:VWlVV19lRdqmaPmY4E9ZPm1jN+7q6AUdRaKZG5HO5zw=
github.com/spf13/pflag v0.0.0-20160820154156-103ce5cd2042/go.mod h1:DYY7MBk1bdzusC3SYhjObp+wFpr4gzcvqqNjLnInEg4=
github.com/spf13/viper v1.0.0 h1:RUA/ghS2i64rlnn4ydTfblY8Og8QzcPtCcHvgMn+w/I=
github.com/spf13/viper v1.0.0/go.mod h1:A8kyI5cUJhb8N+3pkfONlcEcZbueH6nhAm0Fq7SrnBM=
golang.org/x/crypto v0.0.0-20161006174701-d172538b2cfc h1:DfGUWE6VaxsoTkTHNGspjXfDCOroOPdvTIuiYeYpC4o=
golang.org/x/crypto v0.0.0-20161006174701-d172538b2cfc/go.mod h1:6SG95UA2DQfeDnfUPMdvaQW0Q7yPrPDi9nlGo2tz2b4=
golang.org/x/sys v0.0.0-20160916181909-8f0908ab3b24 h1:BL/wcoHkjubwHn2wDTAD1fehKZ9lf67KOVzucRKWPtM=
golang.org/x/sys v0.0.0-20160916181909-8f0908ab3b24/go.mod h1:STP8DvDyc/dI5b8T5hshtkjS+E42TnysNCUPdjciGhY=
golang.org/x/text v0.0.0-20160726164857-2910a502d2bf h1:a1mkutIuyEAoG1fn3Z8Ep7h+O57k45esCFDOqht8HF8=
golang.org/x/text v0.0.0-20160726164857-2910a502d2bf/go.mod h1:NqM8EUOU14njkJ3fqMW+pc6Ldnwhi/IjpwHt7yyuwOQ=
gopkg.in/yaml.v2 v2.0.0-20160715033755-e4d366fc3c79 h1:mENkfeXGmLV7lIyBeNdwYWdONek7pH9yHaHMgZyvIWE=
gopkg.in/yaml.v2 v2.0.0-20160715033755-e4d366fc3c79/go.mod h1:JAlM8MvJe8wmxCU4Bli9HhUf9+ttbYbLASfIpnQbh74=
